
Microsoft Visual Studio Solution File, Format Version 12.00
# Visual Studio 14
VisualStudioVersion = 14.0.25420.1
MinimumVisualStudioVersion = 10.0.40219.1
Project("{8BC9CEB8-8B4A-11D0-8D11-00A0C91BC942}") = "Task01", "Task01\Task01.vcxproj", "{DCB4BB0E-1D0D-4B56-9C02-F7B16A27BE24}"
EndProject
Project("{8BC9CEB8-8B4A-11D0-8D11-00A0C91BC942}") = "Task02", "Task02\Task02.vcxproj", "{36DDA839-4744-4F74-912E-DDE3DC894200}"
EndProject
Project("{8BC9CEB8-8B4A-11D0-8D11-00A0C91BC942}") = "Task03", "Task03\Task03.vcxproj", "{A4F4A505-0E31-48C7-9427-D9C227FAAD42}"
EndProject
Project("{8BC9CEB8-8B4A-11D0-8D11-00A0C91BC942}") = "Task04", "Task04\Task04.vcxproj", "{2763B1D9-1F6A-4A43-843A-08FE34C6B45F}"
EndProject
Project("{8BC9CEB8-8B4A-11D0-8D11-00A0C91BC942}") = "Task05", "Task05\Task05.vcxproj", "{39F691C1-EF44-4D69-BB65-281C5A83C905}"
EndProject
Project("{8BC9CEB8-8B4A-11D0-8D11-00A0C91BC942}") = "Task06", "Task06\Task06.vcxproj", "{848C3832-2183-4C54-8F10-B0B245024161}"
EndProject
Project("{8BC9CEB8-8B4A-11D0-8D11-00A0C91BC942}") = "Task07", "Task07\Task07.vcxproj", "{0113E14F-95DC-40D9-97FB-87E644C9531E}"
EndProject
Project("{8BC9CEB8-8B4A-11D0-8D11-00A0C91BC942}") = "Task08", "Task08\Task08.vcxproj", "{8F132AD2-4472-411A-B45C-B67A828D2247}"
EndProject
Project("{8BC9CEB8-8B4A-11D0-8D11-00A0C91BC942}") = "Task09", "Task09\Task09.vcxproj", "{8568F17B-B98C-486B-94E0-A24A3A2D9EA8}"
EndProject
Project("{8BC9CEB8-8B4A-11D0-8D11-00A0C91BC942}") = "Task10", "Task10\Task10.vcxproj", "{FBC64F36-5A79-4340-89DC-D7441BAF10DB}"
EndProject
Project("{8BC9CEB8-8B4A-11D0-8D11-00A0C91BC942}") = "Task11", "Task11\Task11.vcxproj", "{B4CE95DE-F6DC-4E04-A638-14F74B2F6290}"
EndProject
Project("{8BC9CEB8-8B4A-11D0-8D11-00A0C91BC942}") = "Task12", "Task12\Task12.vcxproj", "{F34D9076-1331-471D-B138-2EEEF4A04422}"
EndProject
Project("{8BC9CEB8-8B4A-11D0-8D11-00A0C91BC942}") = "Task13", "Task13\Task13.vcxproj", "{E1A98DBF-086B-4BD6-8037-AAD5C2EACF68}"
EndProject
Project("{8BC9CEB8-8B4A-11D0-8D11-00A0C91BC942}") = "Task14", "Task14\Task14.vcxproj", "{3BA13EDB-0334-4639-AD8B-86647F4088ED}"
EndProject
Global
	GlobalSection(SolutionConfigurationPlatforms) = preSolution
		Debug|x64 = Debug|x64
		Debug|x86 = Debug|x86
		Release|x64 = Release|x64
		Release|x86 = Release|x86
	EndGlobalSection
	GlobalSection(ProjectConfigurationPlatforms) = postSolution
		{DCB4BB0E-1D0D-4B56-9C02-F7B16A27BE24}.Debug|x64.ActiveCfg = Debug|x64
		{DCB4BB0E-1D0D-4B56-9C02-F7B16A27BE24}.Debug|x64.Build.0 = Debug|x64
		{DCB4BB0E-1D0D-4B56-9C02-F7B16A27BE24}.Debug|x86.ActiveCfg = Debug|Win32
		{DCB4BB0E-1D0D-4B56-9C02-F7B16A27BE24}.Debug|x86.Build.0 = Debug|Win32
		{DCB4BB0E-1D0D-4B56-9C02-F7B16A27BE24}.Release|x64.ActiveCfg = Release|x64
		{DCB4BB0E-1D0D-4B56-9C02-F7B16A27BE24}.Release|x64.Build.0 = Release|x64
		{DCB4BB0E-1D0D-4B56-9C02-F7B16A27BE24}.Release|x86.ActiveCfg = Release|Win32
		{DCB4BB0E-1D0D-4B56-9C02-F7B16A27BE24}.Release|x86.Build.0 = Release|Win32
		{36DDA839-4744-4F74-912E-DDE3DC894200}.Debug|x64.ActiveCfg = Debug|x64
		{36DDA839-4744-4F74-912E-DDE3DC894200}.Debug|x64.Build.0 = Debug|x64
		{36DDA839-4744-4F74-912E-DDE3DC894200}.Debug|x86.ActiveCfg = Debug|Win32
		{36DDA839-4744-4F74-912E-DDE3DC894200}.Debug|x86.Build.0 = Debug|Win32
		{36DDA839-4744-4F74-912E-DDE3DC894200}.Release|x64.ActiveCfg = Release|x64
		{36DDA839-4744-4F74-912E-DDE3DC894200}.Release|x64.Build.0 = Release|x64
		{36DDA839-4744-4F74-912E-DDE3DC894200}.Release|x86.ActiveCfg = Release|Win32
		{36DDA839-4744-4F74-912E-DDE3DC894200}.Release|x86.Build.0 = Release|Win32
		{A4F4A505-0E31-48C7-9427-D9C227FAAD42}.Debug|x64.ActiveCfg = Debug|x64
		{A4F4A505-0E31-48C7-9427-D9C227FAAD42}.Debug|x64.Build.0 = Debug|x64
		{A4F4A505-0E31-48C7-9427-D9C227FAAD42}.Debug|x86.ActiveCfg = Debug|Win32
		{A4F4A505-0E31-48C7-9427-D9C227FAAD42}.Debug|x86.Build.0 = Debug|Win32
		{A4F4A505-0E31-48C7-9427-D9C227FAAD42}.Release|x64.ActiveCfg = Release|x64
		{A4F4A505-0E31-48C7-9427-D9C227FAAD42}.Release|x64.Build.0 = Release|x64
		{A4F4A505-0E31-48C7-9427-D9C227FAAD42}.Release|x86.ActiveCfg = Release|Win32
		{A4F4A505-0E31-48C7-9427-D9C227FAAD42}.Release|x86.Build.0 = Release|Win32
		{2763B1D9-1F6A-4A43-843A-08FE34C6B45F}.Debug|x64.ActiveCfg = Debug|x64
		{2763B1D9-1F6A-4A43-843A-08FE34C6B45F}.Debug|x64.Build.0 = Debug|x64
		{2763B1D9-1F6A-4A43-843A-08FE34C6B45F}.Debug|x86.ActiveCfg = Debug|Win32
		{2763B1D9-1F6A-4A43-843A-08FE34C6B45F}.Debug|x86.Build.0 = Debug|Win32
		{2763B1D9-1F6A-4A43-843A-08FE34C6B45F}.Release|x64.ActiveCfg = Release|x64
		{2763B1D9-1F6A-4A43-843A-08FE34C6B45F}.Release|x64.Build.0 = Release|x64
		{2763B1D9-1F6A-4A43-843A-08FE34C6B45F}.Release|x86.ActiveCfg = Release|Win32
		{2763B1D9-1F6A-4A43-843A-08FE34C6B45F}.Release|x86.Build.0 = Release|Win32
		{39F691C1-EF44-4D69-BB65-281C5A83C905}.Debug|x64.ActiveCfg = Debug|x64
		{39F691C1-EF44-4D69-BB65-281C5A83C905}.Debug|x64.Build.0 = Debug|x64
		{39F691C1-EF44-4D69-BB65-281C5A83C905}.Debug|x86.ActiveCfg = Debug|Win32
		{39F691C1-EF44-4D69-BB65-281C5A83C905}.Debug|x86.Build.0 = Debug|Win32
		{39F691C1-EF44-4D69-BB65-281C5A83C905}.Release|x64.ActiveCfg = Release|x64
		{39F691C1-EF44-4D69-BB65-281C5A83C905}.Release|x64.Build.0 = Release|x64
		{39F691C1-EF44-4D69-BB65-281C5A83C905}.Release|x86.ActiveCfg = Release|Win32
		{39F691C1-EF44-4D69-BB65-281C5A83C905}.Release|x86.Build.0 = Release|Win32
		{848C3832-2183-4C54-8F10-B0B245024161}.Debug|x64.ActiveCfg = Debug|x64
		{848C3832-2183-4C54-8F10-B0B245024161}.Debug|x64.Build.0 = Debug|x64
		{848C3832-2183-4C54-8F10-B0B245024161}.Debug|x86.ActiveCfg = Debug|Win32
		{848C3832-2183-4C54-8F10-B0B245024161}.Debug|x86.Build.0 = Debug|Win32
		{848C3832-2183-4C54-8F10-B0B245024161}.Release|x64.ActiveCfg = Release|x64
		{848C3832-2183-4C54-8F10-B0B245024161}.Release|x64.Build.0 = Release|x64
		{848C3832-2183-4C54-8F10-B0B245024161}.Release|x86.ActiveCfg = Release|Win32
		{848C3832-2183-4C54-8F10-B0B245024161}.Release|x86.Build.0 = Release|Win32
		{0113E14F-95DC-40D9-97FB-87E644C9531E}.Debug|x64.ActiveCfg = Debug|x64
		{0113E14F-95DC-40D9-97FB-87E644C9531E}.Debug|x64.Build.0 = Debug|x64
		{0113E14F-95DC-40D9-97FB-87E644C9531E}.Debug|x86.ActiveCfg = Debug|Win32
		{0113E14F-95DC-40D9-97FB-87E644C9531E}.Debug|x86.Build.0 = Debug|Win32
		{0113E14F-95DC-40D9-97FB-87E644C9531E}.Release|x64.ActiveCfg = Release|x64
		{0113E14F-95DC-40D9-97FB-87E644C9531E}.Release|x64.Build.0 = Release|x64
		{0113E14F-95DC-40D9-97FB-87E644C9531E}.Release|x86.ActiveCfg = Release|Win32
		{0113E14F-95DC-40D9-97FB-87E644C9531E}.Release|x86.Build.0 = Release|Win32
		{8F132AD2-4472-411A-B45C-B67A828D2247}.Debug|x64.ActiveCfg = Debug|x64
		{8F132AD2-4472-411A-B45C-B67A828D2247}.Debug|x64.Build.0 = Debug|x64
		{8F132AD2-4472-411A-B45C-B67A828D2247}.Debug|x86.ActiveCfg = Debug|Win32
		{8F132AD2-4472-411A-B45C-B67A828D2247}.Debug|x86.Build.0 = Debug|Win32
		{8F132AD2-4472-411A-B45C-B67A828D2247}.Release|x64.ActiveCfg = Release|x64
		{8F132AD2-4472-411A-B45C-B67A828D2247}.Release|x64.Build.0 = Release|x64
		{8F132AD2-4472-411A-B45C-B67A828D2247}.Release|x86.ActiveCfg = Release|Win32
		{8F132AD2-4472-411A-B45C-B67A828D2247}.Release|x86.Build.0 = Release|Win32
		{8568F17B-B98C-486B-94E0-A24A3A2D9EA8}.Debug|x64.ActiveCfg = Debug|x64
		{8568F17B-B98C-486B-94E0-A24A3A2D9EA8}.Debug|x64.Build.0 = Debug|x64
		{8568F17B-B98C-486B-94E0-A24A3A2D9EA8}.Debug|x86.ActiveCfg = Debug|Win32
		{8568F17B-B98C-486B-94E0-A24A3A2D9EA8}.Debug|x86.Build.0 = Debug|Win32
		{8568F17B-B98C-486B-94E0-A24A3A2D9EA8}.Release|x64.ActiveCfg = Release|x64
		{8568F17B-B98C-486B-94E0-A24A3A2D9EA8}.Release|x64.Build.0 = Release|x64
		{8568F17B-B98C-486B-94E0-A24A3A2D9EA8}.Release|x86.ActiveCfg = Release|Win32
		{8568F17B-B98C-486B-94E0-A24A3A2D9EA8}.Release|x86.Build.0 = Release|Win32
		{FBC64F36-5A79-4340-89DC-D7441BAF10DB}.Debug|x64.ActiveCfg = Debug|x64
		{FBC64F36-5A79-4340-89DC-D7441BAF10DB}.Debug|x64.Build.0 = Debug|x64
		{FBC64F36-5A79-4340-89DC-D7441BAF10DB}.Debug|x86.ActiveCfg = Debug|Win32
		{FBC64F36-5A79-4340-89DC-D7441BAF10DB}.Debug|x86.Build.0 = Debug|Win32
		{FBC64F36-5A79-4340-89DC-D7441BAF10DB}.Release|x64.ActiveCfg = Release|x64
		{FBC64F36-5A79-4340-89DC-D7441BAF10DB}.Release|x64.Build.0 = Release|x64
		{FBC64F36-5A79-4340-89DC-D7441BAF10DB}.Release|x86.ActiveCfg = Release|Win32
		{FBC64F36-5A79-4340-89DC-D7441BAF10DB}.Release|x86.Build.0 = Release|Win32
		{B4CE95DE-F6DC-4E04-A638-14F74B2F6290}.Debug|x64.ActiveCfg = Debug|x64
		{B4CE95DE-F6DC-4E04-A638-14F74B2F6290}.Debug|x64.Build.0 = Debug|x64
		{B4CE95DE-F6DC-4E04-A638-14F74B2F6290}.Debug|x86.ActiveCfg = Debug|Win32
		{B4CE95DE-F6DC-4E04-A638-14F74B2F6290}.Debug|x86.Build.0 = Debug|Win32
		{B4CE95DE-F6DC-4E04-A638-14F74B2F6290}.Release|x64.ActiveCfg = Release|x64
		{B4CE95DE-F6DC-4E04-A638-14F74B2F6290}.Release|x64.Build.0 = Release|x64
		{B4CE95DE-F6DC-4E04-A638-14F74B2F6290}.Release|x86.ActiveCfg = Release|Win32
		{B4CE95DE-F6DC-4E04-A638-14F74B2F6290}.Release|x86.Build.0 = Release|Win32
		{F34D9076-1331-471D-B138-2EEEF4A04422}.Debug|x64.ActiveCfg = Debug|x64
		{F34D9076-1331-471D-B138-2EEEF4A04422}.Debug|x64.Build.0 = Debug|x64
		{F34D9076-1331-471D-B138-2EEEF4A04422}.Debug|x86.ActiveCfg = Debug|Win32
		{F34D9076-1331-471D-B138-2EEEF4A04422}.Debug|x86.Build.0 = Debug|Win32
		{F34D9076-1331-471D-B138-2EEEF4A04422}.Release|x64.ActiveCfg = Release|x64
		{F34D9076-1331-471D-B138-2EEEF4A04422}.Release|x64.Build.0 = Release|x64
		{F34D9076-1331-471D-B138-2EEEF4A04422}.Release|x86.ActiveCfg = Release|Win32
		{F34D9076-1331-471D-B138-2EEEF4A04422}.Release|x86.Build.0 = Release|Win32
		{E1A98DBF-086B-4BD6-8037-AAD5C2EACF68}.Debug|x64.ActiveCfg = Debug|x64
		{E1A98DBF-086B-4BD6-8037-AAD5C2EACF68}.Debug|x64.Build.0 = Debug|x64
		{E1A98DBF-086B-4BD6-8037-AAD5C2EACF68}.Debug|x86.ActiveCfg = Debug|Win32
		{E1A98DBF-086B-4BD6-8037-AAD5C2EACF68}.Debug|x86.Build.0 = Debug|Win32
		{E1A98DBF-086B-4BD6-8037-AAD5C2EACF68}.Release|x64.ActiveCfg = Release|x64
		{E1A98DBF-086B-4BD6-8037-AAD5C2EACF68}.Release|x64.Build.0 = Release|x64
		{E1A98DBF-086B-4BD6-8037-AAD5C2EACF68}.Release|x86.ActiveCfg = Release|Win32
		{E1A98DBF-086B-4BD6-8037-AAD5C2EACF68}.Release|x86.Build.0 = Release|Win32
		{3BA13EDB-0334-4639-AD8B-86647F4088ED}.Debug|x64.ActiveCfg = Debug|x64
		{3BA13EDB-0334-4639-AD8B-86647F4088ED}.Debug|x64.Build.0 = Debug|x64
		{3BA13EDB-0334-4639-AD8B-86647F4088ED}.Debug|x86.ActiveCfg = Debug|Win32
		{3BA13EDB-0334-4639-AD8B-86647F4088ED}.Debug|x86.Build.0 = Debug|Win32
		{3BA13EDB-0334-4639-AD8B-86647F4088ED}.Release|x64.ActiveCfg = Release|x64
		{3BA13EDB-0334-4639-AD8B-86647F4088ED}.Release|x64.Build.0 = Release|x64
		{3BA13EDB-0334-4639-AD8B-86647F4088ED}.Release|x86.ActiveCfg = Release|Win32
		{3BA13EDB-0334-4639-AD8B-86647F4088ED}.Release|x86.Build.0 = Release|Win32
	EndGlobalSection
	GlobalSection(SolutionProperties) = preSolution
		HideSolutionNode = FALSE
	EndGlobalSection
EndGlobal
